// !$*UTF8*$!
{
	archiveVersion = 1;
	classes = {
	};
	objectVersion = 46;
	objects = {

/* Begin PBXBuildFile section */
		00E356F31AD99517003FC87E /* FreeCampingAustraliaTests.m in Sources */ = {isa = PBXBuildFile; fileRef = 00E356F21AD99517003FC87E /* FreeCampingAustraliaTests.m */; };
		0241F188F76D494FA02943D5 /* Feather.ttf in Resources */ = {isa = PBXBuildFile; fileRef = 1EC558605A2D42F18A920A23 /* Feather.ttf */; };
		13B07FBC1A68108700A75B9A /* AppDelegate.m in Sources */ = {isa = PBXBuildFile; fileRef = 13B07FB01A68108700A75B9A /* AppDelegate.m */; };
		13B07FBD1A68108700A75B9A /* LaunchScreen.xib in Resources */ = {isa = PBXBuildFile; fileRef = 13B07FB11A68108700A75B9A /* LaunchScreen.xib */; };
		13B07FBF1A68108700A75B9A /* Images.xcassets in Resources */ = {isa = PBXBuildFile; fileRef = 13B07FB51A68108700A75B9A /* Images.xcassets */; };
		13B07FC11A68108700A75B9A /* main.m in Sources */ = {isa = PBXBuildFile; fileRef = 13B07FB71A68108700A75B9A /* main.m */; };
		17A3356090F8462996FE8520 /* MaterialCommunityIcons.ttf in Resources */ = {isa = PBXBuildFile; fileRef = E6EB584A1DBC479988EAFA1F /* MaterialCommunityIcons.ttf */; };
		1A5E458EF41D4A86B9C7A373 /* EvilIcons.ttf in Resources */ = {isa = PBXBuildFile; fileRef = AEE20C34373246ADAF6C220A /* EvilIcons.ttf */; };
		26DCE29404154FE98C389274 /* FontAwesome5_Solid.ttf in Resources */ = {isa = PBXBuildFile; fileRef = 9855ED63052C485DA29CE46D /* FontAwesome5_Solid.ttf */; };
		2D02E4BC1E0B4A80006451C7 /* AppDelegate.m in Sources */ = {isa = PBXBuildFile; fileRef = 13B07FB01A68108700A75B9A /* AppDelegate.m */; };
		2DCD954D1E0B4F2C00145EB5 /* FreeCampingAustraliaTests.m in Sources */ = {isa = PBXBuildFile; fileRef = 00E356F21AD99517003FC87E /* FreeCampingAustraliaTests.m */; };
		31D3B6FF68EB4331A8598611 /* SimpleLineIcons.ttf in Resources */ = {isa = PBXBuildFile; fileRef = 8F2F436B4DAE4BFA91009BDE /* SimpleLineIcons.ttf */; };
		4A4777E53AC747C5B8D4C2B8 /* Ionicons.ttf in Resources */ = {isa = PBXBuildFile; fileRef = DE888EDC80C14875BF4D7347 /* Ionicons.ttf */; };
		4FE8F25994570FF2BFBA593D /* libPods-FreeCampingAustraliaTests.a in Frameworks */ = {isa = PBXBuildFile; fileRef = D28E3EA0DB8FEEF269FA25A3 /* libPods-FreeCampingAustraliaTests.a */; };
		5640330E74654A0B8A81F239 /* FontAwesome5_Brands.ttf in Resources */ = {isa = PBXBuildFile; fileRef = 21070428823946549E3A3823 /* FontAwesome5_Brands.ttf */; };
		801B87FAEC2449D4A017C45A /* FontAwesome.ttf in Resources */ = {isa = PBXBuildFile; fileRef = 798A3D3A17964263848C5C32 /* FontAwesome.ttf */; };
		8B1E734C23B338C500E1C1C1 /* libRNGoogleSignin.a in Frameworks */ = {isa = PBXBuildFile; fileRef = 8B1E734B23B338C500E1C1C1 /* libRNGoogleSignin.a */; };
		8B1E735223B3715C00E1C1C1 /* OpenSans-SemiBold_1.ttf in Resources */ = {isa = PBXBuildFile; fileRef = D11B39082201BB32004FC32F /* OpenSans-SemiBold_1.ttf */; };
		8B1E9ABEDC714D81A2E1EEC5 /* FontAwesome5_Regular.ttf in Resources */ = {isa = PBXBuildFile; fileRef = A06B51FA42444E458227AA32 /* FontAwesome5_Regular.ttf */; };
		8BA7F31D23D9BBA50049D285 /* GoogleService-Info.plist in Resources */ = {isa = PBXBuildFile; fileRef = 8BA7F31B23D9BB800049D285 /* GoogleService-Info.plist */; };
		8BDDBC2923D9A178001C38E5 /* GameKit.framework in Frameworks */ = {isa = PBXBuildFile; fileRef = 8BDDBC2823D9A178001C38E5 /* GameKit.framework */; };
		8E8DFCADC9C540008B5BE5C3 /* Octicons.ttf in Resources */ = {isa = PBXBuildFile; fileRef = B97E9E4B2E7146329255C598 /* Octicons.ttf */; };
		A1F965A0462C40B783D78DD0 /* libRNVectorIcons-tvOS.a in Frameworks */ = {isa = PBXBuildFile; fileRef = 80E3D9A83BA442BB97D6AF2F /* libRNVectorIcons-tvOS.a */; };
		A65B44EA01514350817A50CC /* MaterialIcons.ttf in Resources */ = {isa = PBXBuildFile; fileRef = 0BB9132D2FFF46AB8766253B /* MaterialIcons.ttf */; };
		D108C10321B9222E00C2BACF /* Social.framework in Frameworks */ = {isa = PBXBuildFile; fileRef = D108C10221B9222E00C2BACF /* Social.framework */; };
		D108C10521B9223900C2BACF /* MessageUI.framework in Frameworks */ = {isa = PBXBuildFile; fileRef = D108C10421B9223900C2BACF /* MessageUI.framework */; };
		D11B38FF2201BB15004FC32F /* OpenSans-Bold_0.ttf in Resources */ = {isa = PBXBuildFile; fileRef = D11B38FE2201BB10004FC32F /* OpenSans-Bold_0.ttf */; };
		D11B390A2201BB50004FC32F /* OpenSans-SemiBoldItalic_1.ttf in Resources */ = {isa = PBXBuildFile; fileRef = D11B39072201BB32004FC32F /* OpenSans-SemiBoldItalic_1.ttf */; };
		D11B390B2201BB53004FC32F /* OpenSans-BoldItalic_0.ttf in Resources */ = {isa = PBXBuildFile; fileRef = D11B39002201BB25004FC32F /* OpenSans-BoldItalic_0.ttf */; };
		D11B390C2201BB57004FC32F /* OpenSans-ExtraBoldItalic_0.ttf in Resources */ = {isa = PBXBuildFile; fileRef = D11B39042201BB27004FC32F /* OpenSans-ExtraBoldItalic_0.ttf */; };
		D11B390D2201BB59004FC32F /* OpenSans-Light_0.ttf in Resources */ = {isa = PBXBuildFile; fileRef = D11B39022201BB27004FC32F /* OpenSans-Light_0.ttf */; };
		D11B390E2201BB5C004FC32F /* OpenSans-LightItalic_0.ttf in Resources */ = {isa = PBXBuildFile; fileRef = D11B39052201BB29004FC32F /* OpenSans-LightItalic_0.ttf */; };
		D11B390F2201BB60004FC32F /* OpenSans-Regular.ttf in Resources */ = {isa = PBXBuildFile; fileRef = D11B39012201BB26004FC32F /* OpenSans-Regular.ttf */; };
		D143645321BFD486007E522C /* GoogleMapsCore.framework in Frameworks */ = {isa = PBXBuildFile; fileRef = D143645121BFD486007E522C /* GoogleMapsCore.framework */; };
		D143645421BFD486007E522C /* GoogleMaps.framework in Frameworks */ = {isa = PBXBuildFile; fileRef = D143645221BFD486007E522C /* GoogleMaps.framework */; };
		D143645621BFD500007E522C /* GoogleMapsBase.framework in Frameworks */ = {isa = PBXBuildFile; fileRef = D143645521BFD500007E522C /* GoogleMapsBase.framework */; };
		D398994E9832469CA4796D6C /* Entypo.ttf in Resources */ = {isa = PBXBuildFile; fileRef = 79B5DD21DB2C45C3B49546BF /* Entypo.ttf */; };
		E348C44858344A088C9205E3 /* AntDesign.ttf in Resources */ = {isa = PBXBuildFile; fileRef = D2509CD669E64069990C3ABF /* AntDesign.ttf */; };
		EFE16EE03D1044D49F303548 /* Foundation.ttf in Resources */ = {isa = PBXBuildFile; fileRef = 33629EE0667E42389E4CAB1A /* Foundation.ttf */; };
		F02667CEFF515C425BDA11C5 /* libPods-FreeCampingAustralia.a in Frameworks */ = {isa = PBXBuildFile; fileRef = 68A5584089EF60CAFFFE9C46 /* libPods-FreeCampingAustralia.a */; };
		F92A8D3D0D5E4843B1E8A0B2 /* Zocial.ttf in Resources */ = {isa = PBXBuildFile; fileRef = 070060BFB515432FA60698C8 /* Zocial.ttf */; };
/* End PBXBuildFile section */

/* Begin PBXContainerItemProxy section */
		00E356F41AD99517003FC87E /* PBXContainerItemProxy */ = {
			isa = PBXContainerItemProxy;
			containerPortal = 83CBB9F71A601CBA00E9B192 /* Project object */;
			proxyType = 1;
			remoteGlobalIDString = 13B07F861A680F5B00A75B9A;
			remoteInfo = FreeCampingAustralia;
		};
		2D02E4911E0B4A5D006451C7 /* PBXContainerItemProxy */ = {
			isa = PBXContainerItemProxy;
			containerPortal = 83CBB9F71A601CBA00E9B192 /* Project object */;
			proxyType = 1;
			remoteGlobalIDString = 2D02E47A1E0B4A5D006451C7;
			remoteInfo = "FreeCampingAustralia-tvOS";
		};
/* End PBXContainerItemProxy section */

/* Begin PBXFileReference section */
		008F07F21AC5B25A0029DE68 /* main.jsbundle */ = {isa = PBXFileReference; fileEncoding = 4; lastKnownFileType = text; path = main.jsbundle; sourceTree = "<group>"; };
		00E356EE1AD99517003FC87E /* FreeCampingAustraliaTests.xctest */ = {isa = PBXFileReference; explicitFileType = wrapper.cfbundle; includeInIndex = 0; path = FreeCampingAustraliaTests.xctest; sourceTree = BUILT_PRODUCTS_DIR; };
		00E356F11AD99517003FC87E /* Info.plist */ = {isa = PBXFileReference; lastKnownFileType = text.plist.xml; path = Info.plist; sourceTree = "<group>"; };
		00E356F21AD99517003FC87E /* FreeCampingAustraliaTests.m */ = {isa = PBXFileReference; lastKnownFileType = sourcecode.c.objc; path = FreeCampingAustraliaTests.m; sourceTree = "<group>"; };
		070060BFB515432FA60698C8 /* Zocial.ttf */ = {isa = PBXFileReference; explicitFileType = undefined; fileEncoding = 9; includeInIndex = 0; lastKnownFileType = unknown; name = Zocial.ttf; path = "../node_modules/react-native-vector-icons/Fonts/Zocial.ttf"; sourceTree = "<group>"; };
		0709C269849A4EA7B8B49CAA /* Zocial.ttf */ = {isa = PBXFileReference; explicitFileType = undefined; fileEncoding = 9; includeInIndex = 0; lastKnownFileType = unknown; name = Zocial.ttf; path = "../node_modules/native-base/Fonts/Zocial.ttf"; sourceTree = "<group>"; };
		0BB9132D2FFF46AB8766253B /* MaterialIcons.ttf */ = {isa = PBXFileReference; explicitFileType = undefined; fileEncoding = 9; includeInIndex = 0; lastKnownFileType = unknown; name = MaterialIcons.ttf; path = "../node_modules/react-native-vector-icons/Fonts/MaterialIcons.ttf"; sourceTree = "<group>"; };
		13B07F961A680F5B00A75B9A /* FreeCampingAustralia.app */ = {isa = PBXFileReference; explicitFileType = wrapper.application; includeInIndex = 0; path = FreeCampingAustralia.app; sourceTree = BUILT_PRODUCTS_DIR; };
		13B07FAF1A68108700A75B9A /* AppDelegate.h */ = {isa = PBXFileReference; fileEncoding = 4; lastKnownFileType = sourcecode.c.h; name = AppDelegate.h; path = FreeCampingAustralia/AppDelegate.h; sourceTree = "<group>"; };
		13B07FB01A68108700A75B9A /* AppDelegate.m */ = {isa = PBXFileReference; fileEncoding = 4; lastKnownFileType = sourcecode.c.objc; name = AppDelegate.m; path = FreeCampingAustralia/AppDelegate.m; sourceTree = "<group>"; };
		13B07FB21A68108700A75B9A /* Base */ = {isa = PBXFileReference; lastKnownFileType = file.xib; name = Base; path = Base.lproj/LaunchScreen.xib; sourceTree = "<group>"; };
		13B07FB51A68108700A75B9A /* Images.xcassets */ = {isa = PBXFileReference; lastKnownFileType = folder.assetcatalog; name = Images.xcassets; path = FreeCampingAustralia/Images.xcassets; sourceTree = "<group>"; };
		13B07FB61A68108700A75B9A /* Info.plist */ = {isa = PBXFileReference; fileEncoding = 4; lastKnownFileType = text.plist.xml; name = Info.plist; path = FreeCampingAustralia/Info.plist; sourceTree = "<group>"; };
		13B07FB71A68108700A75B9A /* main.m */ = {isa = PBXFileReference; fileEncoding = 4; lastKnownFileType = sourcecode.c.objc; name = main.m; path = FreeCampingAustralia/main.m; sourceTree = "<group>"; };
		1EC558605A2D42F18A920A23 /* Feather.ttf */ = {isa = PBXFileReference; explicitFileType = undefined; fileEncoding = 9; includeInIndex = 0; lastKnownFileType = unknown; name = Feather.ttf; path = "../node_modules/react-native-vector-icons/Fonts/Feather.ttf"; sourceTree = "<group>"; };
		21070428823946549E3A3823 /* FontAwesome5_Brands.ttf */ = {isa = PBXFileReference; explicitFileType = undefined; fileEncoding = 9; includeInIndex = 0; lastKnownFileType = unknown; name = FontAwesome5_Brands.ttf; path = "../node_modules/react-native-vector-icons/Fonts/FontAwesome5_Brands.ttf"; sourceTree = "<group>"; };
		23D6FF22C1C140F3BFEFBCC8 /* Ionicons.ttf */ = {isa = PBXFileReference; explicitFileType = undefined; fileEncoding = 9; includeInIndex = 0; lastKnownFileType = unknown; name = Ionicons.ttf; path = "../node_modules/native-base/Fonts/Ionicons.ttf"; sourceTree = "<group>"; };
		2D02E47B1E0B4A5D006451C7 /* FreeCampingAustralia-tvOS.app */ = {isa = PBXFileReference; explicitFileType = wrapper.application; includeInIndex = 0; path = "FreeCampingAustralia-tvOS.app"; sourceTree = BUILT_PRODUCTS_DIR; };
		2D02E4901E0B4A5D006451C7 /* FreeCampingAustralia-tvOSTests.xctest */ = {isa = PBXFileReference; explicitFileType = wrapper.cfbundle; includeInIndex = 0; path = "FreeCampingAustralia-tvOSTests.xctest"; sourceTree = BUILT_PRODUCTS_DIR; };
		32CC9E127AE84F81AC43C72E /* libreactnativeuilib.a */ = {isa = PBXFileReference; explicitFileType = undefined; fileEncoding = 9; includeInIndex = 0; lastKnownFileType = archive.ar; path = libreactnativeuilib.a; sourceTree = "<group>"; };
		33629EE0667E42389E4CAB1A /* Foundation.ttf */ = {isa = PBXFileReference; explicitFileType = undefined; fileEncoding = 9; includeInIndex = 0; lastKnownFileType = unknown; name = Foundation.ttf; path = "../node_modules/react-native-vector-icons/Fonts/Foundation.ttf"; sourceTree = "<group>"; };
		3540EB1AF7CF4673B0584F6E /* FontAwesome5_Regular.ttf */ = {isa = PBXFileReference; explicitFileType = undefined; fileEncoding = 9; includeInIndex = 0; lastKnownFileType = unknown; name = FontAwesome5_Regular.ttf; path = "../node_modules/native-base/Fonts/FontAwesome5_Regular.ttf"; sourceTree = "<group>"; };
		3734EA183A874AA8982AD2E8 /* Foundation.ttf */ = {isa = PBXFileReference; explicitFileType = undefined; fileEncoding = 9; includeInIndex = 0; lastKnownFileType = unknown; name = Foundation.ttf; path = "../node_modules/native-base/Fonts/Foundation.ttf"; sourceTree = "<group>"; };
		39D4B25F1ED243A78AD02786 /* AntDesign.ttf */ = {isa = PBXFileReference; explicitFileType = undefined; fileEncoding = 9; includeInIndex = 0; lastKnownFileType = unknown; name = AntDesign.ttf; path = "../node_modules/native-base/Fonts/AntDesign.ttf"; sourceTree = "<group>"; };
		4B0DDBE66972441F99905380 /* MaterialIcons.ttf */ = {isa = PBXFileReference; explicitFileType = undefined; fileEncoding = 9; includeInIndex = 0; lastKnownFileType = unknown; name = MaterialIcons.ttf; path = "../node_modules/native-base/Fonts/MaterialIcons.ttf"; sourceTree = "<group>"; };
		511AC841F4824607812C6E59 /* Roboto_medium.ttf */ = {isa = PBXFileReference; explicitFileType = undefined; fileEncoding = 9; includeInIndex = 0; lastKnownFileType = unknown; name = Roboto_medium.ttf; path = "../node_modules/native-base/Fonts/Roboto_medium.ttf"; sourceTree = "<group>"; };
		516772CA02AD400B954C409E /* Roboto.ttf */ = {isa = PBXFileReference; explicitFileType = undefined; fileEncoding = 9; includeInIndex = 0; lastKnownFileType = unknown; name = Roboto.ttf; path = "../node_modules/native-base/Fonts/Roboto.ttf"; sourceTree = "<group>"; };
		5829051872A64707A964D93D /* EvilIcons.ttf */ = {isa = PBXFileReference; explicitFileType = undefined; fileEncoding = 9; includeInIndex = 0; lastKnownFileType = unknown; name = EvilIcons.ttf; path = "../node_modules/native-base/Fonts/EvilIcons.ttf"; sourceTree = "<group>"; };
		68A5584089EF60CAFFFE9C46 /* libPods-FreeCampingAustralia.a */ = {isa = PBXFileReference; explicitFileType = archive.ar; includeInIndex = 0; path = "libPods-FreeCampingAustralia.a"; sourceTree = BUILT_PRODUCTS_DIR; };
		765B5ADBEA1E4F15887E74B8 /* Feather.ttf */ = {isa = PBXFileReference; explicitFileType = undefined; fileEncoding = 9; includeInIndex = 0; lastKnownFileType = unknown; name = Feather.ttf; path = "../node_modules/native-base/Fonts/Feather.ttf"; sourceTree = "<group>"; };
		77516E27D154BAC1EE9F6D3C /* Pods-FreeCampingAustraliaTests.debug.xcconfig */ = {isa = PBXFileReference; includeInIndex = 1; lastKnownFileType = text.xcconfig; name = "Pods-FreeCampingAustraliaTests.debug.xcconfig"; path = "Pods/Target Support Files/Pods-FreeCampingAustraliaTests/Pods-FreeCampingAustraliaTests.debug.xcconfig"; sourceTree = "<group>"; };
		798A3D3A17964263848C5C32 /* FontAwesome.ttf */ = {isa = PBXFileReference; explicitFileType = undefined; fileEncoding = 9; includeInIndex = 0; lastKnownFileType = unknown; name = FontAwesome.ttf; path = "../node_modules/react-native-vector-icons/Fonts/FontAwesome.ttf"; sourceTree = "<group>"; };
		79B5DD21DB2C45C3B49546BF /* Entypo.ttf */ = {isa = PBXFileReference; explicitFileType = undefined; fileEncoding = 9; includeInIndex = 0; lastKnownFileType = unknown; name = Entypo.ttf; path = "../node_modules/react-native-vector-icons/Fonts/Entypo.ttf"; sourceTree = "<group>"; };
		80E3D9A83BA442BB97D6AF2F /* libRNVectorIcons-tvOS.a */ = {isa = PBXFileReference; explicitFileType = undefined; fileEncoding = 9; includeInIndex = 0; lastKnownFileType = archive.ar; path = "libRNVectorIcons-tvOS.a"; sourceTree = "<group>"; };
		82BBEAA1DD654B959F62E51D /* libRNTesseractOcr.a */ = {isa = PBXFileReference; explicitFileType = undefined; fileEncoding = 9; includeInIndex = 0; lastKnownFileType = archive.ar; path = libRNTesseractOcr.a; sourceTree = "<group>"; };
		84367359628F4E8D94466338 /* MaterialCommunityIcons.ttf */ = {isa = PBXFileReference; explicitFileType = undefined; fileEncoding = 9; includeInIndex = 0; lastKnownFileType = unknown; name = MaterialCommunityIcons.ttf; path = "../node_modules/native-base/Fonts/MaterialCommunityIcons.ttf"; sourceTree = "<group>"; };
		8ABBCDD0D10443AD81E475E8 /* Entypo.ttf */ = {isa = PBXFileReference; explicitFileType = undefined; fileEncoding = 9; includeInIndex = 0; lastKnownFileType = unknown; name = Entypo.ttf; path = "../node_modules/native-base/Fonts/Entypo.ttf"; sourceTree = "<group>"; };
		8B1E734B23B338C500E1C1C1 /* libRNGoogleSignin.a */ = {isa = PBXFileReference; explicitFileType = archive.ar; path = libRNGoogleSignin.a; sourceTree = BUILT_PRODUCTS_DIR; };
		8BA7F31B23D9BB800049D285 /* GoogleService-Info.plist */ = {isa = PBXFileReference; fileEncoding = 4; lastKnownFileType = text.plist.xml; path = "GoogleService-Info.plist"; sourceTree = "<group>"; };
		8BDDBC2823D9A178001C38E5 /* GameKit.framework */ = {isa = PBXFileReference; lastKnownFileType = wrapper.framework; name = GameKit.framework; path = System/Library/Frameworks/GameKit.framework; sourceTree = SDKROOT; };
		8F2F436B4DAE4BFA91009BDE /* SimpleLineIcons.ttf */ = {isa = PBXFileReference; explicitFileType = undefined; fileEncoding = 9; includeInIndex = 0; lastKnownFileType = unknown; name = SimpleLineIcons.ttf; path = "../node_modules/react-native-vector-icons/Fonts/SimpleLineIcons.ttf"; sourceTree = "<group>"; };
		9755B684004740D6A385B897 /* FontAwesome5_Solid.ttf */ = {isa = PBXFileReference; explicitFileType = undefined; fileEncoding = 9; includeInIndex = 0; lastKnownFileType = unknown; name = FontAwesome5_Solid.ttf; path = "../node_modules/native-base/Fonts/FontAwesome5_Solid.ttf"; sourceTree = "<group>"; };
		9855ED63052C485DA29CE46D /* FontAwesome5_Solid.ttf */ = {isa = PBXFileReference; explicitFileType = undefined; fileEncoding = 9; includeInIndex = 0; lastKnownFileType = unknown; name = FontAwesome5_Solid.ttf; path = "../node_modules/react-native-vector-icons/Fonts/FontAwesome5_Solid.ttf"; sourceTree = "<group>"; };
		9D48D9F3482F4702B5B74C3B /* SimpleLineIcons.ttf */ = {isa = PBXFileReference; explicitFileType = undefined; fileEncoding = 9; includeInIndex = 0; lastKnownFileType = unknown; name = SimpleLineIcons.ttf; path = "../node_modules/native-base/Fonts/SimpleLineIcons.ttf"; sourceTree = "<group>"; };
		9F0B4BB6729B4A5194E19A5B /* FontAwesome.ttf */ = {isa = PBXFileReference; explicitFileType = undefined; fileEncoding = 9; includeInIndex = 0; lastKnownFileType = unknown; name = FontAwesome.ttf; path = "../node_modules/native-base/Fonts/FontAwesome.ttf"; sourceTree = "<group>"; };
		A06B51FA42444E458227AA32 /* FontAwesome5_Regular.ttf */ = {isa = PBXFileReference; explicitFileType = undefined; fileEncoding = 9; includeInIndex = 0; lastKnownFileType = unknown; name = FontAwesome5_Regular.ttf; path = "../node_modules/react-native-vector-icons/Fonts/FontAwesome5_Regular.ttf"; sourceTree = "<group>"; };
		AEE20C34373246ADAF6C220A /* EvilIcons.ttf */ = {isa = PBXFileReference; explicitFileType = undefined; fileEncoding = 9; includeInIndex = 0; lastKnownFileType = unknown; name = EvilIcons.ttf; path = "../node_modules/react-native-vector-icons/Fonts/EvilIcons.ttf"; sourceTree = "<group>"; };
		B97E9E4B2E7146329255C598 /* Octicons.ttf */ = {isa = PBXFileReference; explicitFileType = undefined; fileEncoding = 9; includeInIndex = 0; lastKnownFileType = unknown; name = Octicons.ttf; path = "../node_modules/react-native-vector-icons/Fonts/Octicons.ttf"; sourceTree = "<group>"; };
		BF57E74FD5C23ED58F99BC28 /* Pods-FreeCampingAustralia.debug.xcconfig */ = {isa = PBXFileReference; includeInIndex = 1; lastKnownFileType = text.xcconfig; name = "Pods-FreeCampingAustralia.debug.xcconfig"; path = "Pods/Target Support Files/Pods-FreeCampingAustralia/Pods-FreeCampingAustralia.debug.xcconfig"; sourceTree = "<group>"; };
		BF5B45125B8D4FE488D51151 /* Octicons.ttf */ = {isa = PBXFileReference; explicitFileType = undefined; fileEncoding = 9; includeInIndex = 0; lastKnownFileType = unknown; name = Octicons.ttf; path = "../node_modules/native-base/Fonts/Octicons.ttf"; sourceTree = "<group>"; };
		C0B5961FDF8CB20C9850C8E2 /* Pods-FreeCampingAustraliaTests.release.xcconfig */ = {isa = PBXFileReference; includeInIndex = 1; lastKnownFileType = text.xcconfig; name = "Pods-FreeCampingAustraliaTests.release.xcconfig"; path = "Pods/Target Support Files/Pods-FreeCampingAustraliaTests/Pods-FreeCampingAustraliaTests.release.xcconfig"; sourceTree = "<group>"; };
		C739527B80F94AF59F25F807 /* FontAwesome5_Brands.ttf */ = {isa = PBXFileReference; explicitFileType = undefined; fileEncoding = 9; includeInIndex = 0; lastKnownFileType = unknown; name = FontAwesome5_Brands.ttf; path = "../node_modules/native-base/Fonts/FontAwesome5_Brands.ttf"; sourceTree = "<group>"; };
		C7552E26295E0235A0B99AD6 /* Pods-FreeCampingAustralia.release.xcconfig */ = {isa = PBXFileReference; includeInIndex = 1; lastKnownFileType = text.xcconfig; name = "Pods-FreeCampingAustralia.release.xcconfig"; path = "Pods/Target Support Files/Pods-FreeCampingAustralia/Pods-FreeCampingAustralia.release.xcconfig"; sourceTree = "<group>"; };
		D108C10221B9222E00C2BACF /* Social.framework */ = {isa = PBXFileReference; lastKnownFileType = wrapper.framework; name = Social.framework; path = System/Library/Frameworks/Social.framework; sourceTree = SDKROOT; };
		D108C10421B9223900C2BACF /* MessageUI.framework */ = {isa = PBXFileReference; lastKnownFileType = wrapper.framework; name = MessageUI.framework; path = System/Library/Frameworks/MessageUI.framework; sourceTree = SDKROOT; };
		D11B38FE2201BB10004FC32F /* OpenSans-Bold_0.ttf */ = {isa = PBXFileReference; lastKnownFileType = file; path = "OpenSans-Bold_0.ttf"; sourceTree = "<group>"; };
		D11B39002201BB25004FC32F /* OpenSans-BoldItalic_0.ttf */ = {isa = PBXFileReference; lastKnownFileType = file; path = "OpenSans-BoldItalic_0.ttf"; sourceTree = "<group>"; };
		D11B39012201BB26004FC32F /* OpenSans-Regular.ttf */ = {isa = PBXFileReference; lastKnownFileType = file; path = "OpenSans-Regular.ttf"; sourceTree = "<group>"; };
		D11B39022201BB27004FC32F /* OpenSans-Light_0.ttf */ = {isa = PBXFileReference; lastKnownFileType = file; path = "OpenSans-Light_0.ttf"; sourceTree = "<group>"; };
		D11B39032201BB27004FC32F /* OpenSans-SemiBold_1.ttf */ = {isa = PBXFileReference; lastKnownFileType = file; name = "OpenSans-SemiBold_1.ttf"; path = "fonts/OpenSans-SemiBold_1.ttf"; sourceTree = "<group>"; };
		D11B39042201BB27004FC32F /* OpenSans-ExtraBoldItalic_0.ttf */ = {isa = PBXFileReference; lastKnownFileType = file; path = "OpenSans-ExtraBoldItalic_0.ttf"; sourceTree = "<group>"; };
		D11B39052201BB29004FC32F /* OpenSans-LightItalic_0.ttf */ = {isa = PBXFileReference; lastKnownFileType = file; path = "OpenSans-LightItalic_0.ttf"; sourceTree = "<group>"; };
		D11B39062201BB29004FC32F /* OpenSans-SemiBoldItalic_1.ttf */ = {isa = PBXFileReference; lastKnownFileType = file; name = "OpenSans-SemiBoldItalic_1.ttf"; path = "fonts/OpenSans-SemiBoldItalic_1.ttf"; sourceTree = "<group>"; };
		D11B39072201BB32004FC32F /* OpenSans-SemiBoldItalic_1.ttf */ = {isa = PBXFileReference; lastKnownFileType = file; name = "OpenSans-SemiBoldItalic_1.ttf"; path = "fonts/OpenSans-SemiBoldItalic_1.ttf"; sourceTree = "<group>"; };
		D11B39082201BB32004FC32F /* OpenSans-SemiBold_1.ttf */ = {isa = PBXFileReference; lastKnownFileType = file; name = "OpenSans-SemiBold_1.ttf"; path = "fonts/OpenSans-SemiBold_1.ttf"; sourceTree = "<group>"; };
		D143645121BFD486007E522C /* GoogleMapsCore.framework */ = {isa = PBXFileReference; lastKnownFileType = wrapper.framework; name = GoogleMapsCore.framework; path = Pods/GoogleMaps/Maps/Frameworks/GoogleMapsCore.framework; sourceTree = "<group>"; };
		D143645221BFD486007E522C /* GoogleMaps.framework */ = {isa = PBXFileReference; lastKnownFileType = wrapper.framework; name = GoogleMaps.framework; path = Pods/GoogleMaps/Maps/Frameworks/GoogleMaps.framework; sourceTree = "<group>"; };
		D143645521BFD500007E522C /* GoogleMapsBase.framework */ = {isa = PBXFileReference; lastKnownFileType = wrapper.framework; name = GoogleMapsBase.framework; path = Pods/GoogleMaps/Base/Frameworks/GoogleMapsBase.framework; sourceTree = "<group>"; };
		D2509CD669E64069990C3ABF /* AntDesign.ttf */ = {isa = PBXFileReference; explicitFileType = undefined; fileEncoding = 9; includeInIndex = 0; lastKnownFileType = unknown; name = AntDesign.ttf; path = "../node_modules/react-native-vector-icons/Fonts/AntDesign.ttf"; sourceTree = "<group>"; };
		D28E3EA0DB8FEEF269FA25A3 /* libPods-FreeCampingAustraliaTests.a */ = {isa = PBXFileReference; explicitFileType = archive.ar; includeInIndex = 0; path = "libPods-FreeCampingAustraliaTests.a"; sourceTree = BUILT_PRODUCTS_DIR; };
		D6D06E6234584A4BAEBCF87D /* libRNVectorIcons.a */ = {isa = PBXFileReference; explicitFileType = undefined; fileEncoding = 9; includeInIndex = 0; lastKnownFileType = archive.ar; path = libRNVectorIcons.a; sourceTree = "<group>"; };
		DBE3F900966A4E4FA0715E2F /* rubicon-icon-font.ttf */ = {isa = PBXFileReference; explicitFileType = undefined; fileEncoding = 9; includeInIndex = 0; lastKnownFileType = unknown; name = "rubicon-icon-font.ttf"; path = "../node_modules/native-base/Fonts/rubicon-icon-font.ttf"; sourceTree = "<group>"; };
		DE888EDC80C14875BF4D7347 /* Ionicons.ttf */ = {isa = PBXFileReference; explicitFileType = undefined; fileEncoding = 9; includeInIndex = 0; lastKnownFileType = unknown; name = Ionicons.ttf; path = "../node_modules/react-native-vector-icons/Fonts/Ionicons.ttf"; sourceTree = "<group>"; };
		E6EB584A1DBC479988EAFA1F /* MaterialCommunityIcons.ttf */ = {isa = PBXFileReference; explicitFileType = undefined; fileEncoding = 9; includeInIndex = 0; lastKnownFileType = unknown; name = MaterialCommunityIcons.ttf; path = "../node_modules/react-native-vector-icons/Fonts/MaterialCommunityIcons.ttf"; sourceTree = "<group>"; };
		FC3FA3D421AD718D008B1554 /* FBSDKLoginKit.framework */ = {isa = PBXFileReference; lastKnownFileType = wrapper.framework; name = FBSDKLoginKit.framework; path = FacebookSDK/FBSDKLoginKit.framework; sourceTree = "<group>"; };
		FC3FA3D521AD718D008B1554 /* FBSDKShareKit.framework */ = {isa = PBXFileReference; lastKnownFileType = wrapper.framework; name = FBSDKShareKit.framework; path = FacebookSDK/FBSDKShareKit.framework; sourceTree = "<group>"; };
		FC3FA3D621AD718D008B1554 /* FBSDKCoreKit.framework */ = {isa = PBXFileReference; lastKnownFileType = wrapper.framework; name = FBSDKCoreKit.framework; path = FacebookSDK/FBSDKCoreKit.framework; sourceTree = "<group>"; };
/* End PBXFileReference section */

/* Begin PBXFrameworksBuildPhase section */
		00E356EB1AD99517003FC87E /* Frameworks */ = {
			isa = PBXFrameworksBuildPhase;
			buildActionMask = 2147483647;
			files = (
				4FE8F25994570FF2BFBA593D /* libPods-FreeCampingAustraliaTests.a in Frameworks */,
			);
			runOnlyForDeploymentPostprocessing = 0;
		};
		13B07F8C1A680F5B00A75B9A /* Frameworks */ = {
			isa = PBXFrameworksBuildPhase;
			buildActionMask = 2147483647;
			files = (
				8B1E734C23B338C500E1C1C1 /* libRNGoogleSignin.a in Frameworks */,
				D143645621BFD500007E522C /* GoogleMapsBase.framework in Frameworks */,
				D108C10521B9223900C2BACF /* MessageUI.framework in Frameworks */,
				D108C10321B9222E00C2BACF /* Social.framework in Frameworks */,
				D143645321BFD486007E522C /* GoogleMapsCore.framework in Frameworks */,
				D143645421BFD486007E522C /* GoogleMaps.framework in Frameworks */,
				F02667CEFF515C425BDA11C5 /* libPods-FreeCampingAustralia.a in Frameworks */,
				8BDDBC2923D9A178001C38E5 /* GameKit.framework in Frameworks */,
			);
			runOnlyForDeploymentPostprocessing = 0;
		};
		2D02E4781E0B4A5D006451C7 /* Frameworks */ = {
			isa = PBXFrameworksBuildPhase;
			buildActionMask = 2147483647;
			files = (
				A1F965A0462C40B783D78DD0 /* libRNVectorIcons-tvOS.a in Frameworks */,
			);
			runOnlyForDeploymentPostprocessing = 0;
		};
		2D02E48D1E0B4A5D006451C7 /* Frameworks */ = {
			isa = PBXFrameworksBuildPhase;
			buildActionMask = 2147483647;
			files = (
			);
			runOnlyForDeploymentPostprocessing = 0;
		};
/* End PBXFrameworksBuildPhase section */

/* Begin PBXGroup section */
		00E356EF1AD99517003FC87E /* FreeCampingAustraliaTests */ = {
			isa = PBXGroup;
			children = (
				00E356F21AD99517003FC87E /* FreeCampingAustraliaTests.m */,
				00E356F01AD99517003FC87E /* Supporting Files */,
			);
			path = FreeCampingAustraliaTests;
			sourceTree = "<group>";
		};
		00E356F01AD99517003FC87E /* Supporting Files */ = {
			isa = PBXGroup;
			children = (
				00E356F11AD99517003FC87E /* Info.plist */,
			);
			name = "Supporting Files";
			sourceTree = "<group>";
		};
		13B07FAE1A68108700A75B9A /* FreeCampingAustralia */ = {
			isa = PBXGroup;
			children = (
				8BA7F31B23D9BB800049D285 /* GoogleService-Info.plist */,
				008F07F21AC5B25A0029DE68 /* main.jsbundle */,
				13B07FAF1A68108700A75B9A /* AppDelegate.h */,
				13B07FB01A68108700A75B9A /* AppDelegate.m */,
				13B07FB51A68108700A75B9A /* Images.xcassets */,
				13B07FB61A68108700A75B9A /* Info.plist */,
				13B07FB11A68108700A75B9A /* LaunchScreen.xib */,
				13B07FB71A68108700A75B9A /* main.m */,
			);
			name = FreeCampingAustralia;
			sourceTree = "<group>";
		};
		1532F870B07D4E0CB48B5B12 /* Resources */ = {
			isa = PBXGroup;
			children = (
				D11B39082201BB32004FC32F /* OpenSans-SemiBold_1.ttf */,
				D11B39072201BB32004FC32F /* OpenSans-SemiBoldItalic_1.ttf */,
				D11B39002201BB25004FC32F /* OpenSans-BoldItalic_0.ttf */,
				D11B39042201BB27004FC32F /* OpenSans-ExtraBoldItalic_0.ttf */,
				D11B39022201BB27004FC32F /* OpenSans-Light_0.ttf */,
				D11B39052201BB29004FC32F /* OpenSans-LightItalic_0.ttf */,
				D11B39012201BB26004FC32F /* OpenSans-Regular.ttf */,
				D11B39032201BB27004FC32F /* OpenSans-SemiBold_1.ttf */,
				D11B39062201BB29004FC32F /* OpenSans-SemiBoldItalic_1.ttf */,
				D11B38FE2201BB10004FC32F /* OpenSans-Bold_0.ttf */,
				D2509CD669E64069990C3ABF /* AntDesign.ttf */,
				79B5DD21DB2C45C3B49546BF /* Entypo.ttf */,
				AEE20C34373246ADAF6C220A /* EvilIcons.ttf */,
				1EC558605A2D42F18A920A23 /* Feather.ttf */,
				798A3D3A17964263848C5C32 /* FontAwesome.ttf */,
				21070428823946549E3A3823 /* FontAwesome5_Brands.ttf */,
				A06B51FA42444E458227AA32 /* FontAwesome5_Regular.ttf */,
				9855ED63052C485DA29CE46D /* FontAwesome5_Solid.ttf */,
				33629EE0667E42389E4CAB1A /* Foundation.ttf */,
				DE888EDC80C14875BF4D7347 /* Ionicons.ttf */,
				E6EB584A1DBC479988EAFA1F /* MaterialCommunityIcons.ttf */,
				0BB9132D2FFF46AB8766253B /* MaterialIcons.ttf */,
				B97E9E4B2E7146329255C598 /* Octicons.ttf */,
				8F2F436B4DAE4BFA91009BDE /* SimpleLineIcons.ttf */,
				070060BFB515432FA60698C8 /* Zocial.ttf */,
				39D4B25F1ED243A78AD02786 /* AntDesign.ttf */,
				8ABBCDD0D10443AD81E475E8 /* Entypo.ttf */,
				5829051872A64707A964D93D /* EvilIcons.ttf */,
				765B5ADBEA1E4F15887E74B8 /* Feather.ttf */,
				9F0B4BB6729B4A5194E19A5B /* FontAwesome.ttf */,
				C739527B80F94AF59F25F807 /* FontAwesome5_Brands.ttf */,
				3540EB1AF7CF4673B0584F6E /* FontAwesome5_Regular.ttf */,
				9755B684004740D6A385B897 /* FontAwesome5_Solid.ttf */,
				3734EA183A874AA8982AD2E8 /* Foundation.ttf */,
				23D6FF22C1C140F3BFEFBCC8 /* Ionicons.ttf */,
				84367359628F4E8D94466338 /* MaterialCommunityIcons.ttf */,
				4B0DDBE66972441F99905380 /* MaterialIcons.ttf */,
				BF5B45125B8D4FE488D51151 /* Octicons.ttf */,
				511AC841F4824607812C6E59 /* Roboto_medium.ttf */,
				516772CA02AD400B954C409E /* Roboto.ttf */,
				DBE3F900966A4E4FA0715E2F /* rubicon-icon-font.ttf */,
				9D48D9F3482F4702B5B74C3B /* SimpleLineIcons.ttf */,
				0709C269849A4EA7B8B49CAA /* Zocial.ttf */,
			);
			name = Resources;
			sourceTree = "<group>";
		};
		2D16E6871FA4F8E400B85C8A /* Frameworks */ = {
			isa = PBXGroup;
			children = (
				8BDDBC2823D9A178001C38E5 /* GameKit.framework */,
				8B1E734B23B338C500E1C1C1 /* libRNGoogleSignin.a */,
				D143645521BFD500007E522C /* GoogleMapsBase.framework */,
				D143645221BFD486007E522C /* GoogleMaps.framework */,
				D143645121BFD486007E522C /* GoogleMapsCore.framework */,
				D108C10421B9223900C2BACF /* MessageUI.framework */,
				D108C10221B9222E00C2BACF /* Social.framework */,
				FC3FA3D621AD718D008B1554 /* FBSDKCoreKit.framework */,
				FC3FA3D421AD718D008B1554 /* FBSDKLoginKit.framework */,
				FC3FA3D521AD718D008B1554 /* FBSDKShareKit.framework */,
				68A5584089EF60CAFFFE9C46 /* libPods-FreeCampingAustralia.a */,
				D28E3EA0DB8FEEF269FA25A3 /* libPods-FreeCampingAustraliaTests.a */,
			);
			name = Frameworks;
			sourceTree = "<group>";
		};
		832341AE1AAA6A7D00B99B32 /* Libraries */ = {
			isa = PBXGroup;
			children = (
			);
			name = Libraries;
			sourceTree = "<group>";
		};
		83CBB9F61A601CBA00E9B192 = {
			isa = PBXGroup;
			children = (
				13B07FAE1A68108700A75B9A /* FreeCampingAustralia */,
				832341AE1AAA6A7D00B99B32 /* Libraries */,
				00E356EF1AD99517003FC87E /* FreeCampingAustraliaTests */,
				83CBBA001A601CBA00E9B192 /* Products */,
				2D16E6871FA4F8E400B85C8A /* Frameworks */,
				1532F870B07D4E0CB48B5B12 /* Resources */,
				E17B1368219D8931005A13AB /* Recovered References */,
				96E919D35DCE7A093C495EBD /* Pods */,
			);
			indentWidth = 2;
			sourceTree = "<group>";
			tabWidth = 2;
			usesTabs = 0;
		};
		83CBBA001A601CBA00E9B192 /* Products */ = {
			isa = PBXGroup;
			children = (
				13B07F961A680F5B00A75B9A /* FreeCampingAustralia.app */,
				00E356EE1AD99517003FC87E /* FreeCampingAustraliaTests.xctest */,
				2D02E47B1E0B4A5D006451C7 /* FreeCampingAustralia-tvOS.app */,
				2D02E4901E0B4A5D006451C7 /* FreeCampingAustralia-tvOSTests.xctest */,
			);
			name = Products;
			sourceTree = "<group>";
		};
		96E919D35DCE7A093C495EBD /* Pods */ = {
			isa = PBXGroup;
			children = (
				BF57E74FD5C23ED58F99BC28 /* Pods-FreeCampingAustralia.debug.xcconfig */,
				C7552E26295E0235A0B99AD6 /* Pods-FreeCampingAustralia.release.xcconfig */,
				77516E27D154BAC1EE9F6D3C /* Pods-FreeCampingAustraliaTests.debug.xcconfig */,
				C0B5961FDF8CB20C9850C8E2 /* Pods-FreeCampingAustraliaTests.release.xcconfig */,
			);
			name = Pods;
			sourceTree = "<group>";
		};
		E17B1368219D8931005A13AB /* Recovered References */ = {
			isa = PBXGroup;
			children = (
				D6D06E6234584A4BAEBCF87D /* libRNVectorIcons.a */,
				80E3D9A83BA442BB97D6AF2F /* libRNVectorIcons-tvOS.a */,
				32CC9E127AE84F81AC43C72E /* libreactnativeuilib.a */,
				82BBEAA1DD654B959F62E51D /* libRNTesseractOcr.a */,
			);
			name = "Recovered References";
			sourceTree = "<group>";
		};
/* End PBXGroup section */

/* Begin PBXNativeTarget section */
		00E356ED1AD99517003FC87E /* FreeCampingAustraliaTests */ = {
			isa = PBXNativeTarget;
			buildConfigurationList = 00E357021AD99517003FC87E /* Build configuration list for PBXNativeTarget "FreeCampingAustraliaTests" */;
			buildPhases = (
				D3E78924D997AD114A6A0A72 /* [CP] Check Pods Manifest.lock */,
				00E356EA1AD99517003FC87E /* Sources */,
				00E356EB1AD99517003FC87E /* Frameworks */,
				00E356EC1AD99517003FC87E /* Resources */,
			);
			buildRules = (
			);
			dependencies = (
				00E356F51AD99517003FC87E /* PBXTargetDependency */,
			);
			name = FreeCampingAustraliaTests;
			productName = FreeCampingAustraliaTests;
			productReference = 00E356EE1AD99517003FC87E /* FreeCampingAustraliaTests.xctest */;
			productType = "com.apple.product-type.bundle.unit-test";
		};
		13B07F861A680F5B00A75B9A /* FreeCampingAustralia */ = {
			isa = PBXNativeTarget;
			buildConfigurationList = 13B07F931A680F5B00A75B9A /* Build configuration list for PBXNativeTarget "FreeCampingAustralia" */;
			buildPhases = (
				3A490A9599664A452BFE96B0 /* [CP] Check Pods Manifest.lock */,
				13B07F871A680F5B00A75B9A /* Sources */,
				13B07F8C1A680F5B00A75B9A /* Frameworks */,
				13B07F8E1A680F5B00A75B9A /* Resources */,
				00DD1BFF1BD5951E006B06BC /* Bundle React Native code and images */,
				AFE696ABE22B5106347824D8 /* [CP] Copy Pods Resources */,
			);
			buildRules = (
			);
			dependencies = (
			);
			name = FreeCampingAustralia;
			productName = "Hello World";
			productReference = 13B07F961A680F5B00A75B9A /* FreeCampingAustralia.app */;
			productType = "com.apple.product-type.application";
		};
		2D02E47A1E0B4A5D006451C7 /* FreeCampingAustralia-tvOS */ = {
			isa = PBXNativeTarget;
			buildConfigurationList = 2D02E4BA1E0B4A5E006451C7 /* Build configuration list for PBXNativeTarget "FreeCampingAustralia-tvOS" */;
			buildPhases = (
				2D02E4771E0B4A5D006451C7 /* Sources */,
				2D02E4781E0B4A5D006451C7 /* Frameworks */,
				2D02E4791E0B4A5D006451C7 /* Resources */,
				2D02E4CB1E0B4B27006451C7 /* Bundle React Native Code And Images */,
			);
			buildRules = (
			);
			dependencies = (
			);
			name = "FreeCampingAustralia-tvOS";
			productName = "FreeCampingAustralia-tvOS";
			productReference = 2D02E47B1E0B4A5D006451C7 /* FreeCampingAustralia-tvOS.app */;
			productType = "com.apple.product-type.application";
		};
		2D02E48F1E0B4A5D006451C7 /* FreeCampingAustralia-tvOSTests */ = {
			isa = PBXNativeTarget;
			buildConfigurationList = 2D02E4BB1E0B4A5E006451C7 /* Build configuration list for PBXNativeTarget "FreeCampingAustralia-tvOSTests" */;
			buildPhases = (
				2D02E48C1E0B4A5D006451C7 /* Sources */,
				2D02E48D1E0B4A5D006451C7 /* Frameworks */,
				2D02E48E1E0B4A5D006451C7 /* Resources */,
			);
			buildRules = (
			);
			dependencies = (
				2D02E4921E0B4A5D006451C7 /* PBXTargetDependency */,
			);
			name = "FreeCampingAustralia-tvOSTests";
			productName = "FreeCampingAustralia-tvOSTests";
			productReference = 2D02E4901E0B4A5D006451C7 /* FreeCampingAustralia-tvOSTests.xctest */;
			productType = "com.apple.product-type.bundle.unit-test";
		};
/* End PBXNativeTarget section */

/* Begin PBXProject section */
		83CBB9F71A601CBA00E9B192 /* Project object */ = {
			isa = PBXProject;
			attributes = {
				LastUpgradeCheck = 940;
				ORGANIZATIONNAME = Facebook;
				TargetAttributes = {
					00E356ED1AD99517003FC87E = {
						CreatedOnToolsVersion = 6.2;
						TestTargetID = 13B07F861A680F5B00A75B9A;
					};
					13B07F861A680F5B00A75B9A = {
						DevelopmentTeam = 849XMJYQS8;
						ProvisioningStyle = Manual;
						SystemCapabilities = {
							com.apple.BackgroundModes = {
								enabled = 1;
							};
							com.apple.Push = {
								enabled = 1;
							};
						};
					};
					2D02E47A1E0B4A5D006451C7 = {
						CreatedOnToolsVersion = 8.2.1;
						ProvisioningStyle = Automatic;
					};
					2D02E48F1E0B4A5D006451C7 = {
						CreatedOnToolsVersion = 8.2.1;
						ProvisioningStyle = Automatic;
						TestTargetID = 2D02E47A1E0B4A5D006451C7;
					};
				};
			};
			buildConfigurationList = 83CBB9FA1A601CBA00E9B192 /* Build configuration list for PBXProject "FreeCampingAustralia" */;
			compatibilityVersion = "Xcode 3.2";
			developmentRegion = English;
			hasScannedForEncodings = 0;
			knownRegions = (
				English,
				en,
				Base,
			);
			mainGroup = 83CBB9F61A601CBA00E9B192;
			productRefGroup = 83CBBA001A601CBA00E9B192 /* Products */;
			projectDirPath = "";
			projectRoot = "";
			targets = (
				13B07F861A680F5B00A75B9A /* FreeCampingAustralia */,
				00E356ED1AD99517003FC87E /* FreeCampingAustraliaTests */,
				2D02E47A1E0B4A5D006451C7 /* FreeCampingAustralia-tvOS */,
				2D02E48F1E0B4A5D006451C7 /* FreeCampingAustralia-tvOSTests */,
			);
		};
/* End PBXProject section */

/* Begin PBXResourcesBuildPhase section */
		00E356EC1AD99517003FC87E /* Resources */ = {
			isa = PBXResourcesBuildPhase;
			buildActionMask = 2147483647;
			files = (
			);
			runOnlyForDeploymentPostprocessing = 0;
		};
		13B07F8E1A680F5B00A75B9A /* Resources */ = {
			isa = PBXResourcesBuildPhase;
			buildActionMask = 2147483647;
			files = (
				8BA7F31D23D9BBA50049D285 /* GoogleService-Info.plist in Resources */,
				8B1E735223B3715C00E1C1C1 /* OpenSans-SemiBold_1.ttf in Resources */,
				D11B390A2201BB50004FC32F /* OpenSans-SemiBoldItalic_1.ttf in Resources */,
				13B07FBF1A68108700A75B9A /* Images.xcassets in Resources */,
				13B07FBD1A68108700A75B9A /* LaunchScreen.xib in Resources */,
				E348C44858344A088C9205E3 /* AntDesign.ttf in Resources */,
				D11B390D2201BB59004FC32F /* OpenSans-Light_0.ttf in Resources */,
				D11B390B2201BB53004FC32F /* OpenSans-BoldItalic_0.ttf in Resources */,
				D398994E9832469CA4796D6C /* Entypo.ttf in Resources */,
				1A5E458EF41D4A86B9C7A373 /* EvilIcons.ttf in Resources */,
				0241F188F76D494FA02943D5 /* Feather.ttf in Resources */,
				801B87FAEC2449D4A017C45A /* FontAwesome.ttf in Resources */,
				5640330E74654A0B8A81F239 /* FontAwesome5_Brands.ttf in Resources */,
				8B1E9ABEDC714D81A2E1EEC5 /* FontAwesome5_Regular.ttf in Resources */,
				26DCE29404154FE98C389274 /* FontAwesome5_Solid.ttf in Resources */,
				D11B390E2201BB5C004FC32F /* OpenSans-LightItalic_0.ttf in Resources */,
				D11B38FF2201BB15004FC32F /* OpenSans-Bold_0.ttf in Resources */,
				EFE16EE03D1044D49F303548 /* Foundation.ttf in Resources */,
				D11B390C2201BB57004FC32F /* OpenSans-ExtraBoldItalic_0.ttf in Resources */,
				4A4777E53AC747C5B8D4C2B8 /* Ionicons.ttf in Resources */,
				17A3356090F8462996FE8520 /* MaterialCommunityIcons.ttf in Resources */,
				A65B44EA01514350817A50CC /* MaterialIcons.ttf in Resources */,
				8E8DFCADC9C540008B5BE5C3 /* Octicons.ttf in Resources */,
				31D3B6FF68EB4331A8598611 /* SimpleLineIcons.ttf in Resources */,
				D11B390F2201BB60004FC32F /* OpenSans-Regular.ttf in Resources */,
				F92A8D3D0D5E4843B1E8A0B2 /* Zocial.ttf in Resources */,
			);
			runOnlyForDeploymentPostprocessing = 0;
		};
		2D02E4791E0B4A5D006451C7 /* Resources */ = {
			isa = PBXResourcesBuildPhase;
			buildActionMask = 2147483647;
			files = (
			);
			runOnlyForDeploymentPostprocessing = 0;
		};
		2D02E48E1E0B4A5D006451C7 /* Resources */ = {
			isa = PBXResourcesBuildPhase;
			buildActionMask = 2147483647;
			files = (
			);
			runOnlyForDeploymentPostprocessing = 0;
		};
/* End PBXResourcesBuildPhase section */

/* Begin PBXShellScriptBuildPhase section */
		00DD1BFF1BD5951E006B06BC /* Bundle React Native code and images */ = {
			isa = PBXShellScriptBuildPhase;
			buildActionMask = 2147483647;
			files = (
			);
			inputPaths = (
			);
			name = "Bundle React Native code and images";
			outputPaths = (
			);
			runOnlyForDeploymentPostprocessing = 0;
			shellPath = /bin/sh;
			shellScript = "export NODE_BINARY=node\n../node_modules/react-native/scripts/react-native-xcode.sh\n";
		};
		2D02E4CB1E0B4B27006451C7 /* Bundle React Native Code And Images */ = {
			isa = PBXShellScriptBuildPhase;
			buildActionMask = 2147483647;
			files = (
			);
			inputPaths = (
			);
			name = "Bundle React Native Code And Images";
			outputPaths = (
			);
			runOnlyForDeploymentPostprocessing = 0;
			shellPath = /bin/sh;
			shellScript = "export NODE_BINARY=node\n../node_modules/react-native/scripts/react-native-xcode.sh";
		};
		3A490A9599664A452BFE96B0 /* [CP] Check Pods Manifest.lock */ = {
			isa = PBXShellScriptBuildPhase;
			buildActionMask = 2147483647;
			files = (
			);
			inputPaths = (
				"${PODS_PODFILE_DIR_PATH}/Podfile.lock",
				"${PODS_ROOT}/Manifest.lock",
			);
			name = "[CP] Check Pods Manifest.lock";
			outputPaths = (
				"$(DERIVED_FILE_DIR)/Pods-FreeCampingAustralia-checkManifestLockResult.txt",
			);
			runOnlyForDeploymentPostprocessing = 0;
			shellPath = /bin/sh;
			shellScript = "diff \"${PODS_PODFILE_DIR_PATH}/Podfile.lock\" \"${PODS_ROOT}/Manifest.lock\" > /dev/null\nif [ $? != 0 ] ; then\n    # print error to STDERR\n    echo \"error: The sandbox is not in sync with the Podfile.lock. Run 'pod install' or update your CocoaPods installation.\" >&2\n    exit 1\nfi\n# This output is used by Xcode 'outputs' to avoid re-running this script phase.\necho \"SUCCESS\" > \"${SCRIPT_OUTPUT_FILE_0}\"\n";
			showEnvVarsInLog = 0;
		};
		AFE696ABE22B5106347824D8 /* [CP] Copy Pods Resources */ = {
			isa = PBXShellScriptBuildPhase;
			buildActionMask = 2147483647;
			files = (
			);
			inputPaths = (
				"${PODS_ROOT}/Target Support Files/Pods-FreeCampingAustralia/Pods-FreeCampingAustralia-resources.sh",
				"${PODS_ROOT}/FBSDKCoreKit/FacebookSDKStrings.bundle",
				"${PODS_ROOT}/GoogleMaps/Maps/Frameworks/GoogleMaps.framework/Resources/GoogleMaps.bundle",
				"${PODS_ROOT}/GoogleSignIn/Resources/GoogleSignIn.bundle",
				"${PODS_ROOT}/../../node_modules/react-native-vector-icons/Fonts/AntDesign.ttf",
				"${PODS_ROOT}/../../node_modules/react-native-vector-icons/Fonts/Entypo.ttf",
				"${PODS_ROOT}/../../node_modules/react-native-vector-icons/Fonts/EvilIcons.ttf",
				"${PODS_ROOT}/../../node_modules/react-native-vector-icons/Fonts/Feather.ttf",
				"${PODS_ROOT}/../../node_modules/react-native-vector-icons/Fonts/FontAwesome.ttf",
				"${PODS_ROOT}/../../node_modules/react-native-vector-icons/Fonts/FontAwesome5_Brands.ttf",
				"${PODS_ROOT}/../../node_modules/react-native-vector-icons/Fonts/FontAwesome5_Regular.ttf",
				"${PODS_ROOT}/../../node_modules/react-native-vector-icons/Fonts/FontAwesome5_Solid.ttf",
				"${PODS_ROOT}/../../node_modules/react-native-vector-icons/Fonts/Foundation.ttf",
				"${PODS_ROOT}/../../node_modules/react-native-vector-icons/Fonts/Ionicons.ttf",
				"${PODS_ROOT}/../../node_modules/react-native-vector-icons/Fonts/MaterialCommunityIcons.ttf",
				"${PODS_ROOT}/../../node_modules/react-native-vector-icons/Fonts/MaterialIcons.ttf",
				"${PODS_ROOT}/../../node_modules/react-native-vector-icons/Fonts/Octicons.ttf",
				"${PODS_ROOT}/../../node_modules/react-native-vector-icons/Fonts/SimpleLineIcons.ttf",
				"${PODS_ROOT}/../../node_modules/react-native-vector-icons/Fonts/Zocial.ttf",
			);
			name = "[CP] Copy Pods Resources";
			outputPaths = (
				"${TARGET_BUILD_DIR}/${UNLOCALIZED_RESOURCES_FOLDER_PATH}/FacebookSDKStrings.bundle",
				"${TARGET_BUILD_DIR}/${UNLOCALIZED_RESOURCES_FOLDER_PATH}/GoogleMaps.bundle",
				"${TARGET_BUILD_DIR}/${UNLOCALIZED_RESOURCES_FOLDER_PATH}/GoogleSignIn.bundle",
				"${TARGET_BUILD_DIR}/${UNLOCALIZED_RESOURCES_FOLDER_PATH}/AntDesign.ttf",
				"${TARGET_BUILD_DIR}/${UNLOCALIZED_RESOURCES_FOLDER_PATH}/Entypo.ttf",
				"${TARGET_BUILD_DIR}/${UNLOCALIZED_RESOURCES_FOLDER_PATH}/EvilIcons.ttf",
				"${TARGET_BUILD_DIR}/${UNLOCALIZED_RESOURCES_FOLDER_PATH}/Feather.ttf",
				"${TARGET_BUILD_DIR}/${UNLOCALIZED_RESOURCES_FOLDER_PATH}/FontAwesome.ttf",
				"${TARGET_BUILD_DIR}/${UNLOCALIZED_RESOURCES_FOLDER_PATH}/FontAwesome5_Brands.ttf",
				"${TARGET_BUILD_DIR}/${UNLOCALIZED_RESOURCES_FOLDER_PATH}/FontAwesome5_Regular.ttf",
				"${TARGET_BUILD_DIR}/${UNLOCALIZED_RESOURCES_FOLDER_PATH}/FontAwesome5_Solid.ttf",
				"${TARGET_BUILD_DIR}/${UNLOCALIZED_RESOURCES_FOLDER_PATH}/Foundation.ttf",
				"${TARGET_BUILD_DIR}/${UNLOCALIZED_RESOURCES_FOLDER_PATH}/Ionicons.ttf",
				"${TARGET_BUILD_DIR}/${UNLOCALIZED_RESOURCES_FOLDER_PATH}/MaterialCommunityIcons.ttf",
				"${TARGET_BUILD_DIR}/${UNLOCALIZED_RESOURCES_FOLDER_PATH}/MaterialIcons.ttf",
				"${TARGET_BUILD_DIR}/${UNLOCALIZED_RESOURCES_FOLDER_PATH}/Octicons.ttf",
				"${TARGET_BUILD_DIR}/${UNLOCALIZED_RESOURCES_FOLDER_PATH}/SimpleLineIcons.ttf",
				"${TARGET_BUILD_DIR}/${UNLOCALIZED_RESOURCES_FOLDER_PATH}/Zocial.ttf",
			);
			runOnlyForDeploymentPostprocessing = 0;
			shellPath = /bin/sh;
			shellScript = "\"${PODS_ROOT}/Target Support Files/Pods-FreeCampingAustralia/Pods-FreeCampingAustralia-resources.sh\"\n";
			showEnvVarsInLog = 0;
		};
		D3E78924D997AD114A6A0A72 /* [CP] Check Pods Manifest.lock */ = {
			isa = PBXShellScriptBuildPhase;
			buildActionMask = 2147483647;
			files = (
			);
			inputFileListPaths = (
			);
			inputPaths = (
				"${PODS_PODFILE_DIR_PATH}/Podfile.lock",
				"${PODS_ROOT}/Manifest.lock",
			);
			name = "[CP] Check Pods Manifest.lock";
			outputFileListPaths = (
			);
			outputPaths = (
				"$(DERIVED_FILE_DIR)/Pods-FreeCampingAustraliaTests-checkManifestLockResult.txt",
			);
			runOnlyForDeploymentPostprocessing = 0;
			shellPath = /bin/sh;
			shellScript = "diff \"${PODS_PODFILE_DIR_PATH}/Podfile.lock\" \"${PODS_ROOT}/Manifest.lock\" > /dev/null\nif [ $? != 0 ] ; then\n    # print error to STDERR\n    echo \"error: The sandbox is not in sync with the Podfile.lock. Run 'pod install' or update your CocoaPods installation.\" >&2\n    exit 1\nfi\n# This output is used by Xcode 'outputs' to avoid re-running this script phase.\necho \"SUCCESS\" > \"${SCRIPT_OUTPUT_FILE_0}\"\n";
			showEnvVarsInLog = 0;
		};
/* End PBXShellScriptBuildPhase section */

/* Begin PBXSourcesBuildPhase section */
		00E356EA1AD99517003FC87E /* Sources */ = {
			isa = PBXSourcesBuildPhase;
			buildActionMask = 2147483647;
			files = (
				00E356F31AD99517003FC87E /* FreeCampingAustraliaTests.m in Sources */,
			);
			runOnlyForDeploymentPostprocessing = 0;
		};
		13B07F871A680F5B00A75B9A /* Sources */ = {
			isa = PBXSourcesBuildPhase;
			buildActionMask = 2147483647;
			files = (
				13B07FBC1A68108700A75B9A /* AppDelegate.m in Sources */,
				13B07FC11A68108700A75B9A /* main.m in Sources */,
			);
			runOnlyForDeploymentPostprocessing = 0;
		};
		2D02E4771E0B4A5D006451C7 /* Sources */ = {
			isa = PBXSourcesBuildPhase;
			buildActionMask = 2147483647;
			files = (
				2D02E4BC1E0B4A80006451C7 /* AppDelegate.m in Sources */,
			);
			runOnlyForDeploymentPostprocessing = 0;
		};
		2D02E48C1E0B4A5D006451C7 /* Sources */ = {
			isa = PBXSourcesBuildPhase;
			buildActionMask = 2147483647;
			files = (
				2DCD954D1E0B4F2C00145EB5 /* FreeCampingAustraliaTests.m in Sources */,
			);
			runOnlyForDeploymentPostprocessing = 0;
		};
/* End PBXSourcesBuildPhase section */

/* Begin PBXTargetDependency section */
		00E356F51AD99517003FC87E /* PBXTargetDependency */ = {
			isa = PBXTargetDependency;
			target = 13B07F861A680F5B00A75B9A /* FreeCampingAustralia */;
			targetProxy = 00E356F41AD99517003FC87E /* PBXContainerItemProxy */;
		};
		2D02E4921E0B4A5D006451C7 /* PBXTargetDependency */ = {
			isa = PBXTargetDependency;
			target = 2D02E47A1E0B4A5D006451C7 /* FreeCampingAustralia-tvOS */;
			targetProxy = 2D02E4911E0B4A5D006451C7 /* PBXContainerItemProxy */;
		};
/* End PBXTargetDependency section */

/* Begin PBXVariantGroup section */
		13B07FB11A68108700A75B9A /* LaunchScreen.xib */ = {
			isa = PBXVariantGroup;
			children = (
				13B07FB21A68108700A75B9A /* Base */,
			);
			name = LaunchScreen.xib;
			path = FreeCampingAustralia;
			sourceTree = "<group>";
		};
/* End PBXVariantGroup section */

/* Begin XCBuildConfiguration section */
		00E356F61AD99517003FC87E /* Debug */ = {
			isa = XCBuildConfiguration;
			baseConfigurationReference = 77516E27D154BAC1EE9F6D3C /* Pods-FreeCampingAustraliaTests.debug.xcconfig */;
			buildSettings = {
				BUNDLE_LOADER = "$(TEST_HOST)";
				GCC_PREPROCESSOR_DEFINITIONS = (
					"DEBUG=1",
					"$(inherited)",
				);
				HEADER_SEARCH_PATHS = (
					"$(inherited)",
					"$(SRCROOT)/../node_modules/react-native-vector-icons/RNVectorIconsManager",
					"$(SRCROOT)/../node_modules/react-native-ui-lib/lib/ios/reactnativeuilib/**",
					"$(SRCROOT)/../node_modules/react-native-tesseract-ocr/ios",
					"\"$(SRCROOT)/../node_modules/react-native/React\"",
				);
				INFOPLIST_FILE = FreeCampingAustraliaTests/Info.plist;
				IPHONEOS_DEPLOYMENT_TARGET = 9.0;
				LD_RUNPATH_SEARCH_PATHS = "$(inherited) @executable_path/Frameworks @loader_path/Frameworks";
				LIBRARY_SEARCH_PATHS = "$(inherited)";
				OTHER_LDFLAGS = (
					"-ObjC",
					"-lc++",
				);
				PRODUCT_BUNDLE_IDENTIFIER = "org.reactjs.native.example.$(PRODUCT_NAME:rfc1034identifier)";
				PRODUCT_NAME = "$(TARGET_NAME)";
				TEST_HOST = "$(BUILT_PRODUCTS_DIR)/FreeCampingAustralia.app/FreeCampingAustralia";
			};
			name = Debug;
		};
		00E356F71AD99517003FC87E /* Release */ = {
			isa = XCBuildConfiguration;
			baseConfigurationReference = C0B5961FDF8CB20C9850C8E2 /* Pods-FreeCampingAustraliaTests.release.xcconfig */;
			buildSettings = {
				BUNDLE_LOADER = "$(TEST_HOST)";
				COPY_PHASE_STRIP = NO;
				HEADER_SEARCH_PATHS = (
					"$(inherited)",
					"$(SRCROOT)/../node_modules/react-native-vector-icons/RNVectorIconsManager",
					"$(SRCROOT)/../node_modules/react-native-ui-lib/lib/ios/reactnativeuilib/**",
					"$(SRCROOT)/../node_modules/react-native-tesseract-ocr/ios",
					"\"$(SRCROOT)/../node_modules/react-native/React\"",
				);
				INFOPLIST_FILE = FreeCampingAustraliaTests/Info.plist;
				IPHONEOS_DEPLOYMENT_TARGET = 9.0;
				LD_RUNPATH_SEARCH_PATHS = "$(inherited) @executable_path/Frameworks @loader_path/Frameworks";
				LIBRARY_SEARCH_PATHS = "$(inherited)";
				OTHER_LDFLAGS = (
					"-ObjC",
					"-lc++",
				);
				PRODUCT_BUNDLE_IDENTIFIER = "org.reactjs.native.example.$(PRODUCT_NAME:rfc1034identifier)";
				PRODUCT_NAME = "$(TARGET_NAME)";
				TEST_HOST = "$(BUILT_PRODUCTS_DIR)/FreeCampingAustralia.app/FreeCampingAustralia";
			};
			name = Release;
		};
		13B07F941A680F5B00A75B9A /* Debug */ = {
			isa = XCBuildConfiguration;
			baseConfigurationReference = BF57E74FD5C23ED58F99BC28 /* Pods-FreeCampingAustralia.debug.xcconfig */;
			buildSettings = {
				ASSETCATALOG_COMPILER_APPICON_NAME = AppIcon;
				CODE_SIGN_ENTITLEMENTS = "";
				CODE_SIGN_IDENTITY = "Apple Distribution: Damon Murphy (849XMJYQS8)";
				"CODE_SIGN_IDENTITY[sdk=iphoneos*]" = "Apple Distribution: Damon Murphy (849XMJYQS8)";
				CODE_SIGN_STYLE = Manual;
				CURRENT_PROJECT_VERSION = 1;
				DEAD_CODE_STRIPPING = NO;
				DEVELOPMENT_TEAM = 849XMJYQS8;
				FRAMEWORK_SEARCH_PATHS = (
					"\"$(SRCROOT)/FacebookSDK\"",
					"$(SRCROOT)/Pods/**",
					"$(PROJECT_DIR)/FacebookSDK",
				);
				GCC_NO_COMMON_BLOCKS = NO;
				HEADER_SEARCH_PATHS = (
					"$(inherited)",
					"$(SRCROOT)/../node_modules/react-native-vector-icons/RNVectorIconsManager",
					"$(SRCROOT)/../node_modules/react-native-ui-lib/lib/ios/reactnativeuilib/**",
					"$(SRCROOT)/../node_modules/react-native-splash-screen/ios",
					"\"$(SRCROOT)/../node_modules/react-native/React\"",
					"$(SRCROOT)/../node_modules/@react-native-community/google-signin/ios",
				);
				INFOPLIST_FILE = FreeCampingAustralia/Info.plist;
				LD_RUNPATH_SEARCH_PATHS = "$(inherited) @executable_path/Frameworks";
				MARKETING_VERSION = 1.2;
				OTHER_LDFLAGS = (
					"$(inherited)",
					"-ObjC",
					"-lc++",
				);
				PRODUCT_BUNDLE_IDENTIFIER = com.FreeCampingAustralia;
				PRODUCT_NAME = FreeCampingAustralia;
				PROVISIONING_PROFILE = "d851763e-06f3-4019-8b65-ec2e1327bc63";
				PROVISIONING_PROFILE_SPECIFIER = Distribution_freeCampingAus_Profile;
				SWIFT_OBJC_BRIDGING_HEADER = "";
				SWIFT_VERSION = 3.0;
				TARGETED_DEVICE_FAMILY = 1;
				VERSIONING_SYSTEM = "apple-generic";
			};
			name = Debug;
		};
		13B07F951A680F5B00A75B9A /* Release */ = {
			isa = XCBuildConfiguration;
			baseConfigurationReference = C7552E26295E0235A0B99AD6 /* Pods-FreeCampingAustralia.release.xcconfig */;
			buildSettings = {
				ASSETCATALOG_COMPILER_APPICON_NAME = AppIcon;
				CODE_SIGN_ENTITLEMENTS = "";
				CODE_SIGN_IDENTITY = "Apple Distribution: Damon Murphy (849XMJYQS8)";
				"CODE_SIGN_IDENTITY[sdk=iphoneos*]" = "Apple Distribution: Damon Murphy (849XMJYQS8)";
				CODE_SIGN_STYLE = Manual;
				CURRENT_PROJECT_VERSION = 1;
				DEVELOPMENT_TEAM = 849XMJYQS8;
				FRAMEWORK_SEARCH_PATHS = (
					"\"$(SRCROOT)/FacebookSDK\"",
					"$(SRCROOT)/Pods/**",
					"$(PROJECT_DIR)/FacebookSDK",
				);
				GCC_NO_COMMON_BLOCKS = NO;
				HEADER_SEARCH_PATHS = (
					"$(inherited)",
					"$(SRCROOT)/../node_modules/react-native-vector-icons/RNVectorIconsManager",
					"$(SRCROOT)/../node_modules/react-native-ui-lib/lib/ios/reactnativeuilib/**",
					"$(SRCROOT)/../node_modules/react-native-splash-screen/ios",
					"\"$(SRCROOT)/../node_modules/react-native/React\"",
					"$(SRCROOT)/../node_modules/@react-native-community/google-signin/ios",
				);
				INFOPLIST_FILE = FreeCampingAustralia/Info.plist;
				LD_RUNPATH_SEARCH_PATHS = "$(inherited) @executable_path/Frameworks";
				MARKETING_VERSION = 1.2;
				OTHER_LDFLAGS = (
					"$(inherited)",
					"-ObjC",
					"-lc++",
				);
				PRODUCT_BUNDLE_IDENTIFIER = com.FreeCampingAustralia;
				PRODUCT_NAME = FreeCampingAustralia;
				PROVISIONING_PROFILE = "d851763e-06f3-4019-8b65-ec2e1327bc63";
				PROVISIONING_PROFILE_SPECIFIER = Distribution_freeCampingAus_Profile;
				SWIFT_OBJC_BRIDGING_HEADER = "";
				SWIFT_VERSION = 3.0;
				TARGETED_DEVICE_FAMILY = 1;
				VERSIONING_SYSTEM = "apple-generic";
			};
			name = Release;
		};
		2D02E4971E0B4A5E006451C7 /* Debug */ = {
			isa = XCBuildConfiguration;
			buildSettings = {
				ASSETCATALOG_COMPILER_APPICON_NAME = "App Icon & Top Shelf Image";
				ASSETCATALOG_COMPILER_LAUNCHIMAGE_NAME = LaunchImage;
				CLANG_ANALYZER_NONNULL = YES;
				CLANG_WARN_DOCUMENTATION_COMMENTS = YES;
				CLANG_WARN_INFINITE_RECURSION = YES;
				CLANG_WARN_SUSPICIOUS_MOVE = YES;
				DEBUG_INFORMATION_FORMAT = dwarf;
				ENABLE_TESTABILITY = YES;
				GCC_NO_COMMON_BLOCKS = YES;
				HEADER_SEARCH_PATHS = (
					"$(inherited)",
					"$(SRCROOT)/../node_modules/react-native-vector-icons/RNVectorIconsManager",
					"$(SRCROOT)/../node_modules/react-native-ui-lib/lib/ios/reactnativeuilib/**",
					"$(SRCROOT)/../node_modules/react-native-maps/lib/ios/AirMaps/**",
					"$(SRCROOT)/../node_modules/react-native-tesseract-ocr/ios",
				);
				INFOPLIST_FILE = "FreeCampingAustralia-tvOS/Info.plist";
				LD_RUNPATH_SEARCH_PATHS = "$(inherited) @executable_path/Frameworks";
				LIBRARY_SEARCH_PATHS = "$(inherited)";
				OTHER_LDFLAGS = (
					"-ObjC",
					"-lc++",
				);
				PRODUCT_BUNDLE_IDENTIFIER = "com.facebook.REACT.FreeCampingAustralia-tvOS";
				PRODUCT_NAME = "$(TARGET_NAME)";
				SDKROOT = appletvos;
				TARGETED_DEVICE_FAMILY = 3;
				TVOS_DEPLOYMENT_TARGET = 9.2;
			};
			name = Debug;
		};
		2D02E4981E0B4A5E006451C7 /* Release */ = {
			isa = XCBuildConfiguration;
			buildSettings = {
				ASSETCATALOG_COMPILER_APPICON_NAME = "App Icon & Top Shelf Image";
				ASSETCATALOG_COMPILER_LAUNCHIMAGE_NAME = LaunchImage;
				CLANG_ANALYZER_NONNULL = YES;
				CLANG_WARN_DOCUMENTATION_COMMENTS = YES;
				CLANG_WARN_INFINITE_RECURSION = YES;
				CLANG_WARN_SUSPICIOUS_MOVE = YES;
				COPY_PHASE_STRIP = NO;
				DEBUG_INFORMATION_FORMAT = "dwarf-with-dsym";
				ENABLE_TESTABILITY = NO;
				GCC_NO_COMMON_BLOCKS = YES;
				HEADER_SEARCH_PATHS = (
					"$(inherited)",
					"$(SRCROOT)/../node_modules/react-native-vector-icons/RNVectorIconsManager",
					"$(SRCROOT)/../node_modules/react-native-ui-lib/lib/ios/reactnativeuilib/**",
					"$(SRCROOT)/../node_modules/react-native-maps/lib/ios/AirMaps/**",
					"$(SRCROOT)/../node_modules/react-native-tesseract-ocr/ios",
				);
				INFOPLIST_FILE = "FreeCampingAustralia-tvOS/Info.plist";
				LD_RUNPATH_SEARCH_PATHS = "$(inherited) @executable_path/Frameworks";
				LIBRARY_SEARCH_PATHS = "$(inherited)";
				OTHER_LDFLAGS = (
					"-ObjC",
					"-lc++",
				);
				PRODUCT_BUNDLE_IDENTIFIER = "com.facebook.REACT.FreeCampingAustralia-tvOS";
				PRODUCT_NAME = "$(TARGET_NAME)";
				SDKROOT = appletvos;
				TARGETED_DEVICE_FAMILY = 3;
				TVOS_DEPLOYMENT_TARGET = 9.2;
			};
			name = Release;
		};
		2D02E4991E0B4A5E006451C7 /* Debug */ = {
			isa = XCBuildConfiguration;
			buildSettings = {
				BUNDLE_LOADER = "$(TEST_HOST)";
				CLANG_ANALYZER_NONNULL = YES;
				CLANG_WARN_DOCUMENTATION_COMMENTS = YES;
				CLANG_WARN_INFINITE_RECURSION = YES;
				CLANG_WARN_SUSPICIOUS_MOVE = YES;
				DEBUG_INFORMATION_FORMAT = dwarf;
				ENABLE_TESTABILITY = YES;
				GCC_NO_COMMON_BLOCKS = YES;
				HEADER_SEARCH_PATHS = (
					"$(inherited)",
					"$(SRCROOT)/../node_modules/react-native-vector-icons/RNVectorIconsManager",
					"$(SRCROOT)/../node_modules/react-native-ui-lib/lib/ios/reactnativeuilib/**",
					"$(SRCROOT)/../node_modules/react-native-tesseract-ocr/ios",
				);
				INFOPLIST_FILE = "FreeCampingAustralia-tvOSTests/Info.plist";
				LD_RUNPATH_SEARCH_PATHS = "$(inherited) @executable_path/Frameworks @loader_path/Frameworks";
				LIBRARY_SEARCH_PATHS = "$(inherited)";
				OTHER_LDFLAGS = (
					"-ObjC",
					"-lc++",
				);
				PRODUCT_BUNDLE_IDENTIFIER = "com.facebook.REACT.FreeCampingAustralia-tvOSTests";
				PRODUCT_NAME = "$(TARGET_NAME)";
				SDKROOT = appletvos;
				TEST_HOST = "$(BUILT_PRODUCTS_DIR)/FreeCampingAustralia-tvOS.app/FreeCampingAustralia-tvOS";
				TVOS_DEPLOYMENT_TARGET = 10.1;
			};
			name = Debug;
		};
		2D02E49A1E0B4A5E006451C7 /* Release */ = {
			isa = XCBuildConfiguration;
			buildSettings = {
				BUNDLE_LOADER = "$(TEST_HOST)";
				CLANG_ANALYZER_NONNULL = YES;
				CLANG_WARN_DOCUMENTATION_COMMENTS = YES;
				CLANG_WARN_INFINITE_RECURSION = YES;
				CLANG_WARN_SUSPICIOUS_MOVE = YES;
				COPY_PHASE_STRIP = NO;
				DEBUG_INFORMATION_FORMAT = "dwarf-with-dsym";
				GCC_NO_COMMON_BLOCKS = YES;
				HEADER_SEARCH_PATHS = (
					"$(inherited)",
					"$(SRCROOT)/../node_modules/react-native-vector-icons/RNVectorIconsManager",
					"$(SRCROOT)/../node_modules/react-native-ui-lib/lib/ios/reactnativeuilib/**",
					"$(SRCROOT)/../node_modules/react-native-tesseract-ocr/ios",
				);
				INFOPLIST_FILE = "FreeCampingAustralia-tvOSTests/Info.plist";
				LD_RUNPATH_SEARCH_PATHS = "$(inherited) @executable_path/Frameworks @loader_path/Frameworks";
				LIBRARY_SEARCH_PATHS = "$(inherited)";
				OTHER_LDFLAGS = (
					"-ObjC",
					"-lc++",
				);
				PRODUCT_BUNDLE_IDENTIFIER = "com.facebook.REACT.FreeCampingAustralia-tvOSTests";
				PRODUCT_NAME = "$(TARGET_NAME)";
				SDKROOT = appletvos;
				TEST_HOST = "$(BUILT_PRODUCTS_DIR)/FreeCampingAustralia-tvOS.app/FreeCampingAustralia-tvOS";
				TVOS_DEPLOYMENT_TARGET = 10.1;
			};
			name = Release;
		};
		83CBBA201A601CBA00E9B192 /* Debug */ = {
			isa = XCBuildConfiguration;
			buildSettings = {
				ALWAYS_SEARCH_USER_PATHS = NO;
				CLANG_CXX_LANGUAGE_STANDARD = "gnu++0x";
				CLANG_CXX_LIBRARY = "libc++";
				CLANG_ENABLE_MODULES = YES;
				CLANG_ENABLE_OBJC_ARC = YES;
				CLANG_WARN_BLOCK_CAPTURE_AUTORELEASING = YES;
				CLANG_WARN_BOOL_CONVERSION = YES;
				CLANG_WARN_COMMA = YES;
				CLANG_WARN_CONSTANT_CONVERSION = YES;
				CLANG_WARN_DEPRECATED_OBJC_IMPLEMENTATIONS = YES;
				CLANG_WARN_DIRECT_OBJC_ISA_USAGE = YES_ERROR;
				CLANG_WARN_EMPTY_BODY = YES;
				CLANG_WARN_ENUM_CONVERSION = YES;
				CLANG_WARN_INFINITE_RECURSION = YES;
				CLANG_WARN_INT_CONVERSION = YES;
				CLANG_WARN_NON_LITERAL_NULL_CONVERSION = YES;
				CLANG_WARN_OBJC_IMPLICIT_RETAIN_SELF = YES;
				CLANG_WARN_OBJC_LITERAL_CONVERSION = YES;
				CLANG_WARN_OBJC_ROOT_CLASS = YES_ERROR;
				CLANG_WARN_RANGE_LOOP_ANALYSIS = YES;
				CLANG_WARN_STRICT_PROTOTYPES = YES;
				CLANG_WARN_SUSPICIOUS_MOVE = YES;
				CLANG_WARN_UNREACHABLE_CODE = YES;
				CLANG_WARN__DUPLICATE_METHOD_MATCH = YES;
				"CODE_SIGN_IDENTITY[sdk=iphoneos*]" = "iPhone Developer";
				COPY_PHASE_STRIP = NO;
				ENABLE_BITCODE = NO;
				ENABLE_STRICT_OBJC_MSGSEND = YES;
				ENABLE_TESTABILITY = YES;
				GCC_C_LANGUAGE_STANDARD = gnu99;
				GCC_DYNAMIC_NO_PIC = NO;
				GCC_NO_COMMON_BLOCKS = YES;
				GCC_OPTIMIZATION_LEVEL = 0;
				GCC_PREPROCESSOR_DEFINITIONS = (
					"DEBUG=1",
					"$(inherited)",
				);
				GCC_SYMBOLS_PRIVATE_EXTERN = NO;
				GCC_WARN_64_TO_32_BIT_CONVERSION = YES;
				GCC_WARN_ABOUT_RETURN_TYPE = YES_ERROR;
				GCC_WARN_UNDECLARED_SELECTOR = YES;
				GCC_WARN_UNINITIALIZED_AUTOS = YES_AGGRESSIVE;
				GCC_WARN_UNUSED_FUNCTION = YES;
				GCC_WARN_UNUSED_VARIABLE = YES;
				IPHONEOS_DEPLOYMENT_TARGET = 9.0;
				MTL_ENABLE_DEBUG_INFO = YES;
				ONLY_ACTIVE_ARCH = YES;
				SDKROOT = iphoneos;
			};
			name = Debug;
		};
		83CBBA211A601CBA00E9B192 /* Release */ = {
			isa = XCBuildConfiguration;
			buildSettings = {
				ALWAYS_SEARCH_USER_PATHS = NO;
				CLANG_CXX_LANGUAGE_STANDARD = "gnu++0x";
				CLANG_CXX_LIBRARY = "libc++";
				CLANG_ENABLE_MODULES = YES;
				CLANG_ENABLE_OBJC_ARC = YES;
				CLANG_WARN_BLOCK_CAPTURE_AUTORELEASING = YES;
				CLANG_WARN_BOOL_CONVERSION = YES;
				CLANG_WARN_COMMA = YES;
				CLANG_WARN_CONSTANT_CONVERSION = YES;
				CLANG_WARN_DEPRECATED_OBJC_IMPLEMENTATIONS = YES;
				CLANG_WARN_DIRECT_OBJC_ISA_USAGE = YES_ERROR;
				CLANG_WARN_EMPTY_BODY = YES;
				CLANG_WARN_ENUM_CONVERSION = YES;
				CLANG_WARN_INFINITE_RECURSION = YES;
				CLANG_WARN_INT_CONVERSION = YES;
				CLANG_WARN_NON_LITERAL_NULL_CONVERSION = YES;
				CLANG_WARN_OBJC_IMPLICIT_RETAIN_SELF = YES;
				CLANG_WARN_OBJC_LITERAL_CONVERSION = YES;
				CLANG_WARN_OBJC_ROOT_CLASS = YES_ERROR;
				CLANG_WARN_RANGE_LOOP_ANALYSIS = YES;
				CLANG_WARN_STRICT_PROTOTYPES = YES;
				CLANG_WARN_SUSPICIOUS_MOVE = YES;
				CLANG_WARN_UNREACHABLE_CODE = YES;
				CLANG_WARN__DUPLICATE_METHOD_MATCH = YES;
				"CODE_SIGN_IDENTITY[sdk=iphoneos*]" = "iPhone Developer";
				COPY_PHASE_STRIP = YES;
				ENABLE_BITCODE = NO;
				ENABLE_NS_ASSERTIONS = NO;
				ENABLE_STRICT_OBJC_MSGSEND = YES;
				GCC_C_LANGUAGE_STANDARD = gnu99;
				GCC_NO_COMMON_BLOCKS = YES;
				GCC_WARN_64_TO_32_BIT_CONVERSION = YES;
				GCC_WARN_ABOUT_RETURN_TYPE = YES_ERROR;
				GCC_WARN_UNDECLARED_SELECTOR = YES;
				GCC_WARN_UNINITIALIZED_AUTOS = YES_AGGRESSIVE;
				GCC_WARN_UNUSED_FUNCTION = YES;
				GCC_WARN_UNUSED_VARIABLE = YES;
				IPHONEOS_DEPLOYMENT_TARGET = 9.0;
				MTL_ENABLE_DEBUG_INFO = NO;
				SDKROOT = iphoneos;
				VALIDATE_PRODUCT = YES;
			};
			name = Release;
		};
/* End XCBuildConfiguration section */

/* Begin XCConfigurationList section */
		00E357021AD99517003FC87E /* Build configuration list for PBXNativeTarget "FreeCampingAustraliaTests" */ = {
			isa = XCConfigurationList;
			buildConfigurations = (
				00E356F61AD99517003FC87E /* Debug */,
				00E356F71AD99517003FC87E /* Release */,
			);
			defaultConfigurationIsVisible = 0;
			defaultConfigurationName = Release;
		};
		13B07F931A680F5B00A75B9A /* Build configuration list for PBXNativeTarget "FreeCampingAustralia" */ = {
			isa = XCConfigurationList;
			buildConfigurations = (
				13B07F941A680F5B00A75B9A /* Debug */,
				13B07F951A680F5B00A75B9A /* Release */,
			);
			defaultConfigurationIsVisible = 0;
			defaultConfigurationName = Release;
		};
		2D02E4BA1E0B4A5E006451C7 /* Build configuration list for PBXNativeTarget "FreeCampingAustralia-tvOS" */ = {
			isa = XCConfigurationList;
			buildConfigurations = (
				2D02E4971E0B4A5E006451C7 /* Debug */,
				2D02E4981E0B4A5E006451C7 /* Release */,
			);
			defaultConfigurationIsVisible = 0;
			defaultConfigurationName = Release;
		};
		2D02E4BB1E0B4A5E006451C7 /* Build configuration list for PBXNativeTarget "FreeCampingAustralia-tvOSTests" */ = {
			isa = XCConfigurationList;
			buildConfigurations = (
				2D02E4991E0B4A5E006451C7 /* Debug */,
				2D02E49A1E0B4A5E006451C7 /* Release */,
			);
			defaultConfigurationIsVisible = 0;
			defaultConfigurationName = Release;
		};
		83CBB9FA1A601CBA00E9B192 /* Build configuration list for PBXProject "FreeCampingAustralia" */ = {
			isa = XCConfigurationList;
			buildConfigurations = (
				83CBBA201A601CBA00E9B192 /* Debug */,
				83CBBA211A601CBA00E9B192 /* Release */,
			);
			defaultConfigurationIsVisible = 0;
			defaultConfigurationName = Release;
		};
/* End XCConfigurationList section */
	};
	rootObject = 83CBB9F71A601CBA00E9B192 /* Project object */;
}
